*********************************************************************
*
* PROGRAM  - RESET.SAVE.LOCK
*
* AUTHOR   - NICK AMENDOLA, COMPUTER BUSINESS ASSOCIATES
*
* DATE     - 12/01/89
*
* DESCRIPTION
*
* This program resets the Save Lock for the Primac Network Processor
*
*********************************************************************
*
      OPEN "","SYS.SAVE" TO SYS.SAVE ELSE STOP
      DELETE SYS.SAVE, "LOCK"
   END
